github.com/dave/jennifer v1.0.2 h1:ixSwWgh8HCIJN9GlVNvdbKHrD/qfh5Mvd4ZCaFAJbr8=
github.com/dave/jennifer v1.0.2/go.mod h1:fIb+770HOpJ2fmN9EPPKOqm1vMGhB+TwXKMZhrIygKg=
github.com/getkin/kin-openapi v0.0.0-20180824092124-11d1c01c053b h1:h3QTudwskGOo+/4NN+jyH54ht2FTnJ1W7Tuy3JpUyhk=
github.com/getkin/kin-openapi v0.0.0-20180824092124-11d1c01c053b/go.mod h1:+0ZtELZf+SlWH8ZdA/IeFb3L/PKOKJx8eGxAlUZ/sOU=
github.com/ghodss/yaml v1.0.0 h1:wQHKEahhL6wmXdzwWG11gIVCkOv05bNOh+Rxn0yngAk=
github.com/ghodss/yaml v1.0.0/go.mod h1:4dBDuWmgqj2HViK6kFavaiC9ZROes6MMH2rRYeMEF04=
github.com/inconshreveable/mousetrap v1.0.0 h1:Z8tu5sraLXCXIcARxBp/8cbvlwVa7Z1NHg9XEKhtSvM=
github.com/inconshreveable/mousetrap v1.0.0/go.mod h1:PxqpIevigyE2G7u3NXJIT2ANytuPF1OarO4DADm73n8=
github.com/spf13/cobra v0.0.3 h1:ZlrZ4XsMRm04Fr5pSFxBgfND2EBVa1nLpiy1stUsX/8=
github.com/spf13/cobra v0.0.3/go.mod h1:1l0Ry5zgKvJasoi3XT1TypsSe7PqH0Sj9dhYf7v3XqQ=
github.com/spf13/pflag v1.0.2 h1:Fy0orTDgHdbnzHcsOgfCN4LtHf0ec3wwtiwJqwvf3Gc=
github.com/spf13/pflag v1.0.2/go.mod h1:DYY7MBk1bdzusC3SYhjObp+wFpr4gzcvqqNjLnInEg4=
gopkg.in/check.v1 v0.0.0-20161208181325-20d25e280405/go.mod h1:Co6ibVJAznAaIkqp8huTwlJQCZ016jof/cbN4VW5Yz0=
gopkg.in/yaml.v2 v2.2.1 h1:mUhvW9EsL+naU5Q3cakzfE91YhliOondGd6ZrsDBHQE=
gopkg.in/yaml.v2 v2.2.1/go.mod h1:hI93XBmqTisBFMUTm0b8Fm+jr3Dg1NNxqwp+5A1VGuI=
lab.jamit.de/pace/go-microservice v0.0.0-20180823062101-5f0e8c6b4cc5 h1:/otjTDj6FRaeTbKoODO5jbm3XabEJ7qOdGS2Xoh69bw=
lab.jamit.de/pace/go-microservice v0.0.0-20180830054907-9fa202c85c3a h1:TZMXjtRfdmM7vsZBHy4KxnrNshct/J+5/G6ydreAVpI=
lab.jamit.de/pace/go-microservice v0.0.0-20180830054907-9fa202c85c3a/go.mod h1:Qm7P9dOD5g4tLcqwBQbt/xIbOBsPCtYbyceFeJzFziA=
lab.jamit.de/pace/go-microservice v0.0.0-20180830065758-2560a02ea263 h1:Uem9rKQvEhR/CDqWpQhyorX26eDoqJFoCg879gb/4+s=
lab.jamit.de/pace/go-microservice v0.0.0-20180830065758-2560a02ea263/go.mod h1:Qm7P9dOD5g4tLcqwBQbt/xIbOBsPCtYbyceFeJzFziA=
